
Microsoft Visual Studio Solution File, Format Version 12.00
# Visual Studio Version 17
VisualStudioVersion = 17.7.34202.233
MinimumVisualStudioVersion = 10.0.40219.1
Project("{9A19103F-16F7-4668-BE54-9A1E7A4F7556}") = "Blog", "Blog.csproj", "{AD5E6FFD-450A-4493-8AA4-624E00E3796D}"
EndProject
Global
	GlobalSection(SolutionConfigurationPlatforms) = preSolution
		Debug|Any CPU = Debug|Any CPU
		Release|Any CPU = Release|Any CPU
	EndGlobalSection
	GlobalSection(ProjectConfigurationPlatforms) = postSolution
		{AD5E6FFD-450A-4493-8AA4-624E00E3796D}.Debug|Any CPU.ActiveCfg = Debug|Any CPU
		{AD5E6FFD-450A-4493-8AA4-624E00E3796D}.Debug|Any CPU.Build.0 = Debug|Any CPU
		{AD5E6FFD-450A-4493-8AA4-624E00E3796D}.Release|Any CPU.ActiveCfg = Release|Any CPU
		{AD5E6FFD-450A-4493-8AA4-624E00E3796D}.Release|Any CPU.Build.0 = Release|Any CPU
	EndGlobalSection
	GlobalSection(SolutionProperties) = preSolution
		HideSolutionNode = FALSE
	EndGlobalSection
	GlobalSection(ExtensibilityGlobals) = postSolution
		SolutionGuid = {3D1F1ED6-2AB0-43D0-B9A9-D177D9FF4DA9}
	EndGlobalSection
EndGlobal
